
Microsoft Visual Studio Solution File, Format Version 12.00
# Visual Studio Version 17
VisualStudioVersion = 17.13.35818.85
MinimumVisualStudioVersion = 10.0.40219.1
Project("{9A19103F-16F7-4668-BE54-9A1E7A4F7556}") = "csgame", "csgame\csgame.csproj", "{9AB03FDC-360B-47DE-A380-ED21A9393E5E}"
EndProject
Project("{FAE04EC0-301F-11D3-BF4B-00C04F79EFBC}") = "BlockProperties", "BlockProperties\BlockProperties.csproj", "{7EE3EE6E-E861-4885-B373-3DEF23B22CEE}"
EndProject
Global
	GlobalSection(SolutionConfigurationPlatforms) = preSolution
		Debug|Any CPU = Debug|Any CPU
		Release|Any CPU = Release|Any CPU
	EndGlobalSection
	GlobalSection(ProjectConfigurationPlatforms) = postSolution
		{9AB03FDC-360B-47DE-A380-ED21A9393E5E}.Debug|Any CPU.ActiveCfg = Debug|Any CPU
		{9AB03FDC-360B-47DE-A380-ED21A9393E5E}.Debug|Any CPU.Build.0 = Debug|Any CPU
		{9AB03FDC-360B-47DE-A380-ED21A9393E5E}.Release|Any CPU.ActiveCfg = Release|Any CPU
		{9AB03FDC-360B-47DE-A380-ED21A9393E5E}.Release|Any CPU.Build.0 = Release|Any CPU
		{7EE3EE6E-E861-4885-B373-3DEF23B22CEE}.Debug|Any CPU.ActiveCfg = Debug|Any CPU
		{7EE3EE6E-E861-4885-B373-3DEF23B22CEE}.Debug|Any CPU.Build.0 = Debug|Any CPU
		{7EE3EE6E-E861-4885-B373-3DEF23B22CEE}.Release|Any CPU.ActiveCfg = Release|Any CPU
		{7EE3EE6E-E861-4885-B373-3DEF23B22CEE}.Release|Any CPU.Build.0 = Release|Any CPU
	EndGlobalSection
	GlobalSection(SolutionProperties) = preSolution
		HideSolutionNode = FALSE
	EndGlobalSection
	GlobalSection(ExtensibilityGlobals) = postSolution
		SolutionGuid = {8AFD7DE9-56FD-4BC7-AAAE-D074D6DB0BE1}
	EndGlobalSection
EndGlobal
